
Microsoft Visual Studio Solution File, Format Version 12.00
# Visual Studio Version 17
VisualStudioVersion = 17.9.34607.119
MinimumVisualStudioVersion = 10.0.40219.1
Project("{FAE04EC0-301F-11D3-BF4B-00C04F79EFBC}") = "semana6", "semana6\semana6.csproj", "{0A8EE350-9200-4734-8703-245EF819A964}"
EndProject
Global
	GlobalSection(SolutionConfigurationPlatforms) = preSolution
		Debug|Any CPU = Debug|Any CPU
		Release|Any CPU = Release|Any CPU
	EndGlobalSection
	GlobalSection(ProjectConfigurationPlatforms) = postSolution
		{0A8EE350-9200-4734-8703-245EF819A964}.Debug|Any CPU.ActiveCfg = Debug|Any CPU
		{0A8EE350-9200-4734-8703-245EF819A964}.Debug|Any CPU.Build.0 = Debug|Any CPU
		{0A8EE350-9200-4734-8703-245EF819A964}.Release|Any CPU.ActiveCfg = Release|Any CPU
		{0A8EE350-9200-4734-8703-245EF819A964}.Release|Any CPU.Build.0 = Release|Any CPU
	EndGlobalSection
	GlobalSection(SolutionProperties) = preSolution
		HideSolutionNode = FALSE
	EndGlobalSection
	GlobalSection(ExtensibilityGlobals) = postSolution
		SolutionGuid = {6E72B1FB-758F-4AC2-A309-9F29D11EFBAB}
	EndGlobalSection
EndGlobal
